
Microsoft Visual Studio Solution File, Format Version 12.00
# Visual Studio 15
VisualStudioVersion = 15.0.27004.2005
MinimumVisualStudioVersion = 10.0.40219.1
Project("{FAE04EC0-301F-11D3-BF4B-00C04F79EFBC}") = "DataEntry", "DataEntry\DataEntry.csproj", "{51E2B81B-247A-44E4-BA90-4E710F12716D}"
EndProject
Global
	GlobalSection(SolutionConfigurationPlatforms) = preSolution
		Debug|Any CPU = Debug|Any CPU
		Release|Any CPU = Release|Any CPU
	EndGlobalSection
	GlobalSection(ProjectConfigurationPlatforms) = postSolution
		{51E2B81B-247A-44E4-BA90-4E710F12716D}.Debug|Any CPU.ActiveCfg = Debug|Any CPU
		{51E2B81B-247A-44E4-BA90-4E710F12716D}.Debug|Any CPU.Build.0 = Debug|Any CPU
		{51E2B81B-247A-44E4-BA90-4E710F12716D}.Release|Any CPU.ActiveCfg = Release|Any CPU
		{51E2B81B-247A-44E4-BA90-4E710F12716D}.Release|Any CPU.Build.0 = Release|Any CPU
	EndGlobalSection
	GlobalSection(SolutionProperties) = preSolution
		HideSolutionNode = FALSE
	EndGlobalSection
	GlobalSection(ExtensibilityGlobals) = postSolution
		SolutionGuid = {C6355E92-ED4F-43C5-BB80-7FDE60D6B94A}
	EndGlobalSection
EndGlobal
